
Microsoft Visual Studio Solution File, Format Version 12.00
# Visual Studio Version 16
VisualStudioVersion = 16.0.30128.74
MinimumVisualStudioVersion = 10.0.40219.1
Project("{FAE04EC0-301F-11D3-BF4B-00C04F79EFBC}") = "JWT-generator-reader", "JWT-generator-reader\JWT-generator-reader.csproj", "{AF8E8234-1A15-4F95-8076-FF0BCCDF72D0}"
EndProject
Global
	GlobalSection(SolutionConfigurationPlatforms) = preSolution
		Debug|Any CPU = Debug|Any CPU
		Release|Any CPU = Release|Any CPU
	EndGlobalSection
	GlobalSection(ProjectConfigurationPlatforms) = postSolution
		{AF8E8234-1A15-4F95-8076-FF0BCCDF72D0}.Debug|Any CPU.ActiveCfg = Debug|Any CPU
		{AF8E8234-1A15-4F95-8076-FF0BCCDF72D0}.Debug|Any CPU.Build.0 = Debug|Any CPU
		{AF8E8234-1A15-4F95-8076-FF0BCCDF72D0}.Release|Any CPU.ActiveCfg = Release|Any CPU
		{AF8E8234-1A15-4F95-8076-FF0BCCDF72D0}.Release|Any CPU.Build.0 = Release|Any CPU
	EndGlobalSection
	GlobalSection(SolutionProperties) = preSolution
		HideSolutionNode = FALSE
	EndGlobalSection
	GlobalSection(ExtensibilityGlobals) = postSolution
		SolutionGuid = {2277992A-8BBA-4F9C-ADC4-22A6DB680265}
	EndGlobalSection
EndGlobal
